
Microsoft Visual Studio Solution File, Format Version 12.00
# Visual Studio Version 17
VisualStudioVersion = 17.2.32602.215
MinimumVisualStudioVersion = 10.0.40219.1
Project("{9A19103F-16F7-4668-BE54-9A1E7A4F7556}") = "Registro de Visitantes", "PortariaForm\Registro de Visitantes.csproj", "{B788EA81-43B2-4B20-8DCD-66D5A1050F9E}"
EndProject
Project("{9A19103F-16F7-4668-BE54-9A1E7A4F7556}") = "Controle de Local", "LocalForm\Controle de Local.csproj", "{86624696-8B10-4976-89E1-383FEB43DD67}"
EndProject
Project("{54435603-DBB4-11D2-8724-00A0C9A8B90C}") = "ControleDeLocalSetup", "ControleDeLocalSetup\ControleDeLocalSetup.vdproj", "{E9DE0B42-472C-47B7-BE2F-06DF77FEDD66}"
EndProject
Project("{54435603-DBB4-11D2-8724-00A0C9A8B90C}") = "RegistroDeVisitantesSetup", "RegistroDeVisitantesSetup\RegistroDeVisitantesSetup.vdproj", "{4FCB1DFD-02AF-4DAC-937D-B829BB2C29DD}"
EndProject
Project("{2150E333-8FDC-42A3-9474-1A3956D46DE8}") = "RegistroDeVisitantesSetup", "RegistroDeVisitantesSetup", "{72817BD1-067B-FEAF-C009-B53F06183526}"
EndProject
Project("{FAE04EC0-301F-11D3-BF4B-00C04F79EFBC}") = "InformaticaTela", "RegistroDeVisitantesSetup\InformaticaTela\InformaticaTela.csproj", "{CE4F0253-8DA8-4081-8AA7-0865768CC093}"
EndProject
Global
	GlobalSection(SolutionConfigurationPlatforms) = preSolution
		Debug|Any CPU = Debug|Any CPU
		Debug|x64 = Debug|x64
		Debug|x86 = Debug|x86
		FormTeste|Any CPU = FormTeste|Any CPU
		FormTeste|x64 = FormTeste|x64
		FormTeste|x86 = FormTeste|x86
		Release|Any CPU = Release|Any CPU
		Release|x64 = Release|x64
		Release|x86 = Release|x86
	EndGlobalSection
	GlobalSection(ProjectConfigurationPlatforms) = postSolution
		{B788EA81-43B2-4B20-8DCD-66D5A1050F9E}.Debug|Any CPU.ActiveCfg = Debug|Any CPU
		{B788EA81-43B2-4B20-8DCD-66D5A1050F9E}.Debug|Any CPU.Build.0 = Debug|Any CPU
		{B788EA81-43B2-4B20-8DCD-66D5A1050F9E}.Debug|x64.ActiveCfg = Debug|x64
		{B788EA81-43B2-4B20-8DCD-66D5A1050F9E}.Debug|x64.Build.0 = Debug|x64
		{B788EA81-43B2-4B20-8DCD-66D5A1050F9E}.Debug|x86.ActiveCfg = Debug|Any CPU
		{B788EA81-43B2-4B20-8DCD-66D5A1050F9E}.Debug|x86.Build.0 = Debug|Any CPU
		{B788EA81-43B2-4B20-8DCD-66D5A1050F9E}.FormTeste|Any CPU.ActiveCfg = FormTeste|Any CPU
		{B788EA81-43B2-4B20-8DCD-66D5A1050F9E}.FormTeste|Any CPU.Build.0 = FormTeste|Any CPU
		{B788EA81-43B2-4B20-8DCD-66D5A1050F9E}.FormTeste|x64.ActiveCfg = FormTeste|x64
		{B788EA81-43B2-4B20-8DCD-66D5A1050F9E}.FormTeste|x86.ActiveCfg = FormTeste|Any CPU
		{B788EA81-43B2-4B20-8DCD-66D5A1050F9E}.FormTeste|x86.Build.0 = FormTeste|Any CPU
		{B788EA81-43B2-4B20-8DCD-66D5A1050F9E}.Release|Any CPU.ActiveCfg = Release|Any CPU
		{B788EA81-43B2-4B20-8DCD-66D5A1050F9E}.Release|x64.ActiveCfg = Release|x64
		{B788EA81-43B2-4B20-8DCD-66D5A1050F9E}.Release|x64.Build.0 = Release|x64
		{B788EA81-43B2-4B20-8DCD-66D5A1050F9E}.Release|x86.ActiveCfg = Release|Any CPU
		{B788EA81-43B2-4B20-8DCD-66D5A1050F9E}.Release|x86.Build.0 = Release|Any CPU
		{86624696-8B10-4976-89E1-383FEB43DD67}.Debug|Any CPU.ActiveCfg = Debug|Any CPU
		{86624696-8B10-4976-89E1-383FEB43DD67}.Debug|Any CPU.Build.0 = Debug|Any CPU
		{86624696-8B10-4976-89E1-383FEB43DD67}.Debug|x64.ActiveCfg = Debug|x64
		{86624696-8B10-4976-89E1-383FEB43DD67}.Debug|x64.Build.0 = Debug|x64
		{86624696-8B10-4976-89E1-383FEB43DD67}.Debug|x86.ActiveCfg = Debug|Any CPU
		{86624696-8B10-4976-89E1-383FEB43DD67}.Debug|x86.Build.0 = Debug|Any CPU
		{86624696-8B10-4976-89E1-383FEB43DD67}.FormTeste|Any CPU.ActiveCfg = Debug|Any CPU
		{86624696-8B10-4976-89E1-383FEB43DD67}.FormTeste|Any CPU.Build.0 = Debug|Any CPU
		{86624696-8B10-4976-89E1-383FEB43DD67}.FormTeste|x64.ActiveCfg = Debug|x64
		{86624696-8B10-4976-89E1-383FEB43DD67}.FormTeste|x64.Build.0 = Debug|x64
		{86624696-8B10-4976-89E1-383FEB43DD67}.FormTeste|x86.ActiveCfg = FormTeste|Any CPU
		{86624696-8B10-4976-89E1-383FEB43DD67}.FormTeste|x86.Build.0 = FormTeste|Any CPU
		{86624696-8B10-4976-89E1-383FEB43DD67}.Release|Any CPU.ActiveCfg = Release|Any CPU
		{86624696-8B10-4976-89E1-383FEB43DD67}.Release|Any CPU.Build.0 = Release|Any CPU
		{86624696-8B10-4976-89E1-383FEB43DD67}.Release|x64.ActiveCfg = Release|x64
		{86624696-8B10-4976-89E1-383FEB43DD67}.Release|x64.Build.0 = Release|x64
		{86624696-8B10-4976-89E1-383FEB43DD67}.Release|x86.ActiveCfg = Release|Any CPU
		{86624696-8B10-4976-89E1-383FEB43DD67}.Release|x86.Build.0 = Release|Any CPU
		{E9DE0B42-472C-47B7-BE2F-06DF77FEDD66}.Debug|Any CPU.ActiveCfg = Debug|Any CPU
		{E9DE0B42-472C-47B7-BE2F-06DF77FEDD66}.Debug|x64.ActiveCfg = Debug|x64
		{E9DE0B42-472C-47B7-BE2F-06DF77FEDD66}.Debug|x86.ActiveCfg = Debug|x86
		{E9DE0B42-472C-47B7-BE2F-06DF77FEDD66}.FormTeste|Any CPU.ActiveCfg = Debug|Any CPU
		{E9DE0B42-472C-47B7-BE2F-06DF77FEDD66}.FormTeste|x64.ActiveCfg = Debug|x64
		{E9DE0B42-472C-47B7-BE2F-06DF77FEDD66}.FormTeste|x86.ActiveCfg = FormTeste|x86
		{E9DE0B42-472C-47B7-BE2F-06DF77FEDD66}.Release|Any CPU.ActiveCfg = Release|Any CPU
		{E9DE0B42-472C-47B7-BE2F-06DF77FEDD66}.Release|x64.ActiveCfg = Release|x64
		{E9DE0B42-472C-47B7-BE2F-06DF77FEDD66}.Release|x86.ActiveCfg = Release|x86
		{4FCB1DFD-02AF-4DAC-937D-B829BB2C29DD}.Debug|Any CPU.ActiveCfg = Debug|Any CPU
		{4FCB1DFD-02AF-4DAC-937D-B829BB2C29DD}.Debug|x64.ActiveCfg = Debug|x64
		{4FCB1DFD-02AF-4DAC-937D-B829BB2C29DD}.Debug|x86.ActiveCfg = Debug|x86
		{4FCB1DFD-02AF-4DAC-937D-B829BB2C29DD}.FormTeste|Any CPU.ActiveCfg = Debug|Any CPU
		{4FCB1DFD-02AF-4DAC-937D-B829BB2C29DD}.FormTeste|x64.ActiveCfg = Debug|x64
		{4FCB1DFD-02AF-4DAC-937D-B829BB2C29DD}.FormTeste|x86.ActiveCfg = FormTeste|x86
		{4FCB1DFD-02AF-4DAC-937D-B829BB2C29DD}.Release|Any CPU.ActiveCfg = Release|Any CPU
		{4FCB1DFD-02AF-4DAC-937D-B829BB2C29DD}.Release|x64.ActiveCfg = Release|x64
		{4FCB1DFD-02AF-4DAC-937D-B829BB2C29DD}.Release|x86.ActiveCfg = Release|x86
		{CE4F0253-8DA8-4081-8AA7-0865768CC093}.Debug|Any CPU.ActiveCfg = Debug|Any CPU
		{CE4F0253-8DA8-4081-8AA7-0865768CC093}.Debug|Any CPU.Build.0 = Debug|Any CPU
		{CE4F0253-8DA8-4081-8AA7-0865768CC093}.Debug|x64.ActiveCfg = Debug|Any CPU
		{CE4F0253-8DA8-4081-8AA7-0865768CC093}.Debug|x64.Build.0 = Debug|Any CPU
		{CE4F0253-8DA8-4081-8AA7-0865768CC093}.Debug|x86.ActiveCfg = Debug|Any CPU
		{CE4F0253-8DA8-4081-8AA7-0865768CC093}.Debug|x86.Build.0 = Debug|Any CPU
		{CE4F0253-8DA8-4081-8AA7-0865768CC093}.FormTeste|Any CPU.ActiveCfg = Debug|Any CPU
		{CE4F0253-8DA8-4081-8AA7-0865768CC093}.FormTeste|Any CPU.Build.0 = Debug|Any CPU
		{CE4F0253-8DA8-4081-8AA7-0865768CC093}.FormTeste|x64.ActiveCfg = Debug|Any CPU
		{CE4F0253-8DA8-4081-8AA7-0865768CC093}.FormTeste|x64.Build.0 = Debug|Any CPU
		{CE4F0253-8DA8-4081-8AA7-0865768CC093}.FormTeste|x86.ActiveCfg = Debug|Any CPU
		{CE4F0253-8DA8-4081-8AA7-0865768CC093}.FormTeste|x86.Build.0 = Debug|Any CPU
		{CE4F0253-8DA8-4081-8AA7-0865768CC093}.Release|Any CPU.ActiveCfg = Release|Any CPU
		{CE4F0253-8DA8-4081-8AA7-0865768CC093}.Release|Any CPU.Build.0 = Release|Any CPU
		{CE4F0253-8DA8-4081-8AA7-0865768CC093}.Release|x64.ActiveCfg = Release|Any CPU
		{CE4F0253-8DA8-4081-8AA7-0865768CC093}.Release|x64.Build.0 = Release|Any CPU
		{CE4F0253-8DA8-4081-8AA7-0865768CC093}.Release|x86.ActiveCfg = Release|Any CPU
		{CE4F0253-8DA8-4081-8AA7-0865768CC093}.Release|x86.Build.0 = Release|Any CPU
	EndGlobalSection
	GlobalSection(SolutionProperties) = preSolution
		HideSolutionNode = FALSE
	EndGlobalSection
	GlobalSection(NestedProjects) = preSolution
		{CE4F0253-8DA8-4081-8AA7-0865768CC093} = {72817BD1-067B-FEAF-C009-B53F06183526}
	EndGlobalSection
	GlobalSection(ExtensibilityGlobals) = postSolution
		SolutionGuid = {D8CA5AB9-1080-4E23-AA69-06A2609FE282}
	EndGlobalSection
EndGlobal
